// !$*UTF8*$!
{
	archiveVersion = 1;
	classes = {
	};
	objectVersion = 77;
	objects = {

/* Begin PBXContainerItemProxy section */
		5292F3A02CB9023300ABAA64 /* PBXContainerItemProxy */ = {
			isa = PBXContainerItemProxy;
			containerPortal = 5292F3872CB9023100ABAA64 /* Project object */;
			proxyType = 1;
			remoteGlobalIDString = 5292F38E2CB9023100ABAA64;
			remoteInfo = Zihou;
		};
		5292F3AA2CB9023300ABAA64 /* PBXContainerItemProxy */ = {
			isa = PBXContainerItemProxy;
			containerPortal = 5292F3872CB9023100ABAA64 /* Project object */;
			proxyType = 1;
			remoteGlobalIDString = 5292F38E2CB9023100ABAA64;
			remoteInfo = Zihou;
		};
/* End PBXContainerItemProxy section */

/* Begin PBXFileReference section */
		5292F38F2CB9023100ABAA64 /* Zihou.app */ = {isa = PBXFileReference; explicitFileType = wrapper.application; includeInIndex = 0; path = Zihou.app; sourceTree = BUILT_PRODUCTS_DIR; };
		5292F39F2CB9023300ABAA64 /* ZihouTests.xctest */ = {isa = PBXFileReference; explicitFileType = wrapper.cfbundle; includeInIndex = 0; path = ZihouTests.xctest; sourceTree = BUILT_PRODUCTS_DIR; };
		5292F3A92CB9023300ABAA64 /* ZihouUITests.xctest */ = {isa = PBXFileReference; explicitFileType = wrapper.cfbundle; includeInIndex = 0; path = ZihouUITests.xctest; sourceTree = BUILT_PRODUCTS_DIR; };
/* End PBXFileReference section */

/* Begin PBXFileSystemSynchronizedBuildFileExceptionSet section */
		5292F3BD2CB9038500ABAA64 /* Exceptions for "Zihou" folder in "Zihou" target */ = {
			isa = PBXFileSystemSynchronizedBuildFileExceptionSet;
			membershipExceptions = (
				Info.plist,
			);
			target = 5292F38E2CB9023100ABAA64 /* Zihou */;
		};
/* End PBXFileSystemSynchronizedBuildFileExceptionSet section */

/* Begin PBXFileSystemSynchronizedRootGroup section */
		5292F3912CB9023100ABAA64 /* Zihou */ = {
			isa = PBXFileSystemSynchronizedRootGroup;
			exceptions = (
				5292F3BD2CB9038500ABAA64 /* Exceptions for "Zihou" folder in "Zihou" target */,
			);
			path = Zihou;
			sourceTree = "<group>";
		};
		5292F3A22CB9023300ABAA64 /* ZihouTests */ = {
			isa = PBXFileSystemSynchronizedRootGroup;
			path = ZihouTests;
			sourceTree = "<group>";
		};
		5292F3AC2CB9023300ABAA64 /* ZihouUITests */ = {
			isa = PBXFileSystemSynchronizedRootGroup;
			path = ZihouUITests;
			sourceTree = "<group>";
		};
/* End PBXFileSystemSynchronizedRootGroup section */

/* Begin PBXFrameworksBuildPhase section */
		5292F38C2CB9023100ABAA64 /* Frameworks */ = {
			isa = PBXFrameworksBuildPhase;
			buildActionMask = 2147483647;
			files = (
			);
			runOnlyForDeploymentPostprocessing = 0;
		};
		5292F39C2CB9023300ABAA64 /* Frameworks */ = {
			isa = PBXFrameworksBuildPhase;
			buildActionMask = 2147483647;
			files = (
			);
			runOnlyForDeploymentPostprocessing = 0;
		};
		5292F3A62CB9023300ABAA64 /* Frameworks */ = {
			isa = PBXFrameworksBuildPhase;
			buildActionMask = 2147483647;
			files = (
			);
			runOnlyForDeploymentPostprocessing = 0;
		};
/* End PBXFrameworksBuildPhase section */

/* Begin PBXGroup section */
		5292F3862CB9023100ABAA64 = {
			isa = PBXGroup;
			children = (
				5292F3912CB9023100ABAA64 /* Zihou */,
				5292F3A22CB9023300ABAA64 /* ZihouTests */,
				5292F3AC2CB9023300ABAA64 /* ZihouUITests */,
				5292F3902CB9023100ABAA64 /* Products */,
			);
			sourceTree = "<group>";
		};
		5292F3902CB9023100ABAA64 /* Products */ = {
			isa = PBXGroup;
			children = (
				5292F38F2CB9023100ABAA64 /* Zihou.app */,
				5292F39F2CB9023300ABAA64 /* ZihouTests.xctest */,
				5292F3A92CB9023300ABAA64 /* ZihouUITests.xctest */,
			);
			name = Products;
			sourceTree = "<group>";
		};
/* End PBXGroup section */

/* Begin PBXNativeTarget section */
		5292F38E2CB9023100ABAA64 /* Zihou */ = {
			isa = PBXNativeTarget;
			buildConfigurationList = 5292F3B32CB9023300ABAA64 /* Build configuration list for PBXNativeTarget "Zihou" */;
			buildPhases = (
				5292F38B2CB9023100ABAA64 /* Sources */,
				5292F38C2CB9023100ABAA64 /* Frameworks */,
				5292F38D2CB9023100ABAA64 /* Resources */,
			);
			buildRules = (
			);
			dependencies = (
			);
			fileSystemSynchronizedGroups = (
				5292F3912CB9023100ABAA64 /* Zihou */,
			);
			name = Zihou;
			packageProductDependencies = (
			);
			productName = Zihou;
			productReference = 5292F38F2CB9023100ABAA64 /* Zihou.app */;
			productType = "com.apple.product-type.application";
		};
		5292F39E2CB9023300ABAA64 /* ZihouTests */ = {
			isa = PBXNativeTarget;
			buildConfigurationList = 5292F3B62CB9023300ABAA64 /* Build configuration list for PBXNativeTarget "ZihouTests" */;
			buildPhases = (
				5292F39B2CB9023300ABAA64 /* Sources */,
				5292F39C2CB9023300ABAA64 /* Frameworks */,
				5292F39D2CB9023300ABAA64 /* Resources */,
			);
			buildRules = (
			);
			dependencies = (
				5292F3A12CB9023300ABAA64 /* PBXTargetDependency */,
			);
			fileSystemSynchronizedGroups = (
				5292F3A22CB9023300ABAA64 /* ZihouTests */,
			);
			name = ZihouTests;
			packageProductDependencies = (
			);
			productName = ZihouTests;
			productReference = 5292F39F2CB9023300ABAA64 /* ZihouTests.xctest */;
			productType = "com.apple.product-type.bundle.unit-test";
		};
		5292F3A82CB9023300ABAA64 /* ZihouUITests */ = {
			isa = PBXNativeTarget;
			buildConfigurationList = 5292F3B92CB9023300ABAA64 /* Build configuration list for PBXNativeTarget "ZihouUITests" */;
			buildPhases = (
				5292F3A52CB9023300ABAA64 /* Sources */,
				5292F3A62CB9023300ABAA64 /* Frameworks */,
				5292F3A72CB9023300ABAA64 /* Resources */,
			);
			buildRules = (
			);
			dependencies = (
				5292F3AB2CB9023300ABAA64 /* PBXTargetDependency */,
			);
			fileSystemSynchronizedGroups = (
				5292F3AC2CB9023300ABAA64 /* ZihouUITests */,
			);
			name = ZihouUITests;
			packageProductDependencies = (
			);
			productName = ZihouUITests;
			productReference = 5292F3A92CB9023300ABAA64 /* ZihouUITests.xctest */;
			productType = "com.apple.product-type.bundle.ui-testing";
		};
/* End PBXNativeTarget section */

/* Begin PBXProject section */
		5292F3872CB9023100ABAA64 /* Project object */ = {
			isa = PBXProject;
			attributes = {
				BuildIndependentTargetsInParallel = 1;
				LastSwiftUpdateCheck = 1610;
				LastUpgradeCheck = 1610;
				TargetAttributes = {
					5292F38E2CB9023100ABAA64 = {
						CreatedOnToolsVersion = 16.1;
					};
					5292F39E2CB9023300ABAA64 = {
						CreatedOnToolsVersion = 16.1;
						TestTargetID = 5292F38E2CB9023100ABAA64;
					};
					5292F3A82CB9023300ABAA64 = {
						CreatedOnToolsVersion = 16.1;
						TestTargetID = 5292F38E2CB9023100ABAA64;
					};
				};
			};
			buildConfigurationList = 5292F38A2CB9023100ABAA64 /* Build configuration list for PBXProject "Zihou" */;
			developmentRegion = en;
			hasScannedForEncodings = 0;
			knownRegions = (
				en,
				Base,
			);
			mainGroup = 5292F3862CB9023100ABAA64;
			minimizedProjectReferenceProxies = 1;
			preferredProjectObjectVersion = 77;
			productRefGroup = 5292F3902CB9023100ABAA64 /* Products */;
			projectDirPath = "";
			projectRoot = "";
			targets = (
				5292F38E2CB9023100ABAA64 /* Zihou */,
				5292F39E2CB9023300ABAA64 /* ZihouTests */,
				5292F3A82CB9023300ABAA64 /* ZihouUITests */,
			);
		};
/* End PBXProject section */

/* Begin PBXResourcesBuildPhase section */
		5292F38D2CB9023100ABAA64 /* Resources */ = {
			isa = PBXResourcesBuildPhase;
			buildActionMask = 2147483647;
			files = (
			);
			runOnlyForDeploymentPostprocessing = 0;
		};
		5292F39D2CB9023300ABAA64 /* Resources */ = {
			isa = PBXResourcesBuildPhase;
			buildActionMask = 2147483647;
			files = (
			);
			runOnlyForDeploymentPostprocessing = 0;
		};
		5292F3A72CB9023300ABAA64 /* Resources */ = {
			isa = PBXResourcesBuildPhase;
			buildActionMask = 2147483647;
			files = (
			);
			runOnlyForDeploymentPostprocessing = 0;
		};
/* End PBXResourcesBuildPhase section */

/* Begin PBXSourcesBuildPhase section */
		5292F38B2CB9023100ABAA64 /* Sources */ = {
			isa = PBXSourcesBuildPhase;
			buildActionMask = 2147483647;
			files = (
			);
			runOnlyForDeploymentPostprocessing = 0;
		};
		5292F39B2CB9023300ABAA64 /* Sources */ = {
			isa = PBXSourcesBuildPhase;
			buildActionMask = 2147483647;
			files = (
			);
			runOnlyForDeploymentPostprocessing = 0;
		};
		5292F3A52CB9023300ABAA64 /* Sources */ = {
			isa = PBXSourcesBuildPhase;
			buildActionMask = 2147483647;
			files = (
			);
			runOnlyForDeploymentPostprocessing = 0;
		};
/* End PBXSourcesBuildPhase section */

/* Begin PBXTargetDependency section */
		5292F3A12CB9023300ABAA64 /* PBXTargetDependency */ = {
			isa = PBXTargetDependency;
			target = 5292F38E2CB9023100ABAA64 /* Zihou */;
			targetProxy = 5292F3A02CB9023300ABAA64 /* PBXContainerItemProxy */;
		};
		5292F3AB2CB9023300ABAA64 /* PBXTargetDependency */ = {
			isa = PBXTargetDependency;
			target = 5292F38E2CB9023100ABAA64 /* Zihou */;
			targetProxy = 5292F3AA2CB9023300ABAA64 /* PBXContainerItemProxy */;
		};
/* End PBXTargetDependency section */

/* Begin XCBuildConfiguration section */
		5292F3B12CB9023300ABAA64 /* Debug */ = {
			isa = XCBuildConfiguration;
			buildSettings = {
				ALWAYS_SEARCH_USER_PATHS = NO;
				ASSETCATALOG_COMPILER_GENERATE_SWIFT_ASSET_SYMBOL_EXTENSIONS = YES;
				CLANG_ANALYZER_NONNULL = YES;
				CLANG_ANALYZER_NUMBER_OBJECT_CONVERSION = YES_AGGRESSIVE;
				CLANG_CXX_LANGUAGE_STANDARD = "gnu++20";
				CLANG_ENABLE_MODULES = YES;
				CLANG_ENABLE_OBJC_ARC = YES;
				CLANG_ENABLE_OBJC_WEAK = YES;
				CLANG_WARN_BLOCK_CAPTURE_AUTORELEASING = YES;
				CLANG_WARN_BOOL_CONVERSION = YES;
				CLANG_WARN_COMMA = YES;
				CLANG_WARN_CONSTANT_CONVERSION = YES;
				CLANG_WARN_DEPRECATED_OBJC_IMPLEMENTATIONS = YES;
				CLANG_WARN_DIRECT_OBJC_ISA_USAGE = YES_ERROR;
				CLANG_WARN_DOCUMENTATION_COMMENTS = YES;
				CLANG_WARN_EMPTY_BODY = YES;
				CLANG_WARN_ENUM_CONVERSION = YES;
				CLANG_WARN_INFINITE_RECURSION = YES;
				CLANG_WARN_INT_CONVERSION = YES;
				CLANG_WARN_NON_LITERAL_NULL_CONVERSION = YES;
				CLANG_WARN_OBJC_IMPLICIT_RETAIN_SELF = YES;
				CLANG_WARN_OBJC_LITERAL_CONVERSION = YES;
				CLANG_WARN_OBJC_ROOT_CLASS = YES_ERROR;
				CLANG_WARN_QUOTED_INCLUDE_IN_FRAMEWORK_HEADER = YES;
				CLANG_WARN_RANGE_LOOP_ANALYSIS = YES;
				CLANG_WARN_STRICT_PROTOTYPES = YES;
				CLANG_WARN_SUSPICIOUS_MOVE = YES;
				CLANG_WARN_UNGUARDED_AVAILABILITY = YES_AGGRESSIVE;
				CLANG_WARN_UNREACHABLE_CODE = YES;
				CLANG_WARN__DUPLICATE_METHOD_MATCH = YES;
				COPY_PHASE_STRIP = NO;
				DEBUG_INFORMATION_FORMAT = dwarf;
				ENABLE_STRICT_OBJC_MSGSEND = YES;
				ENABLE_TESTABILITY = YES;
				ENABLE_USER_SCRIPT_SANDBOXING = YES;
				GCC_C_LANGUAGE_STANDARD = gnu17;
				GCC_DYNAMIC_NO_PIC = NO;
				GCC_NO_COMMON_BLOCKS = YES;
				GCC_OPTIMIZATION_LEVEL = 0;
				GCC_PREPROCESSOR_DEFINITIONS = (
					"DEBUG=1",
					"$(inherited)",
				);
				GCC_WARN_64_TO_32_BIT_CONVERSION = YES;
				GCC_WARN_ABOUT_RETURN_TYPE = YES_ERROR;
				GCC_WARN_UNDECLARED_SELECTOR = YES;
				GCC_WARN_UNINITIALIZED_AUTOS = YES_AGGRESSIVE;
				GCC_WARN_UNUSED_FUNCTION = YES;
				GCC_WARN_UNUSED_VARIABLE = YES;
				IPHONEOS_DEPLOYMENT_TARGET = 18.0;
				LOCALIZATION_PREFERS_STRING_CATALOGS = YES;
				MTL_ENABLE_DEBUG_INFO = INCLUDE_SOURCE;
				MTL_FAST_MATH = YES;
				ONLY_ACTIVE_ARCH = YES;
				SDKROOT = iphoneos;
				SWIFT_ACTIVE_COMPILATION_CONDITIONS = "DEBUG $(inherited)";
				SWIFT_OPTIMIZATION_LEVEL = "-Onone";
			};
			name = Debug;
		};
		5292F3B22CB9023300ABAA64 /* Release */ = {
			isa = XCBuildConfiguration;
			buildSettings = {
				ALWAYS_SEARCH_USER_PATHS = NO;
				ASSETCATALOG_COMPILER_GENERATE_SWIFT_ASSET_SYMBOL_EXTENSIONS = YES;
				CLANG_ANALYZER_NONNULL = YES;
				CLANG_ANALYZER_NUMBER_OBJECT_CONVERSION = YES_AGGRESSIVE;
				CLANG_CXX_LANGUAGE_STANDARD = "gnu++20";
				CLANG_ENABLE_MODULES = YES;
				CLANG_ENABLE_OBJC_ARC = YES;
				CLANG_ENABLE_OBJC_WEAK = YES;
				CLANG_WARN_BLOCK_CAPTURE_AUTORELEASING = YES;
				CLANG_WARN_BOOL_CONVERSION = YES;
				CLANG_WARN_COMMA = YES;
				CLANG_WARN_CONSTANT_CONVERSION = YES;
				CLANG_WARN_DEPRECATED_OBJC_IMPLEMENTATIONS = YES;
				CLANG_WARN_DIRECT_OBJC_ISA_USAGE = YES_ERROR;
				CLANG_WARN_DOCUMENTATION_COMMENTS = YES;
				CLANG_WARN_EMPTY_BODY = YES;
				CLANG_WARN_ENUM_CONVERSION = YES;
				CLANG_WARN_INFINITE_RECURSION = YES;
				CLANG_WARN_INT_CONVERSION = YES;
				CLANG_WARN_NON_LITERAL_NULL_CONVERSION = YES;
				CLANG_WARN_OBJC_IMPLICIT_RETAIN_SELF = YES;
				CLANG_WARN_OBJC_LITERAL_CONVERSION = YES;
				CLANG_WARN_OBJC_ROOT_CLASS = YES_ERROR;
				CLANG_WARN_QUOTED_INCLUDE_IN_FRAMEWORK_HEADER = YES;
				CLANG_WARN_RANGE_LOOP_ANALYSIS = YES;
				CLANG_WARN_STRICT_PROTOTYPES = YES;
				CLANG_WARN_SUSPICIOUS_MOVE = YES;
				CLANG_WARN_UNGUARDED_AVAILABILITY = YES_AGGRESSIVE;
				CLANG_WARN_UNREACHABLE_CODE = YES;
				CLANG_WARN__DUPLICATE_METHOD_MATCH = YES;
				COPY_PHASE_STRIP = NO;
				DEBUG_INFORMATION_FORMAT = "dwarf-with-dsym";
				ENABLE_NS_ASSERTIONS = NO;
				ENABLE_STRICT_OBJC_MSGSEND = YES;
				ENABLE_USER_SCRIPT_SANDBOXING = YES;
				GCC_C_LANGUAGE_STANDARD = gnu17;
				GCC_NO_COMMON_BLOCKS = YES;
				GCC_WARN_64_TO_32_BIT_CONVERSION = YES;
				GCC_WARN_ABOUT_RETURN_TYPE = YES_ERROR;
				GCC_WARN_UNDECLARED_SELECTOR = YES;
				GCC_WARN_UNINITIALIZED_AUTOS = YES_AGGRESSIVE;
				GCC_WARN_UNUSED_FUNCTION = YES;
				GCC_WARN_UNUSED_VARIABLE = YES;
				IPHONEOS_DEPLOYMENT_TARGET = 18.0;
				LOCALIZATION_PREFERS_STRING_CATALOGS = YES;
				MTL_ENABLE_DEBUG_INFO = NO;
				MTL_FAST_MATH = YES;
				SDKROOT = iphoneos;
				SWIFT_COMPILATION_MODE = wholemodule;
				VALIDATE_PRODUCT = YES;
			};
			name = Release;
		};
		5292F3B42CB9023300ABAA64 /* Debug */ = {
			isa = XCBuildConfiguration;
			buildSettings = {
				ASSETCATALOG_COMPILER_APPICON_NAME = AppIcon;
				ASSETCATALOG_COMPILER_GLOBAL_ACCENT_COLOR_NAME = AccentColor;
				CODE_SIGN_STYLE = Automatic;
				CURRENT_PROJECT_VERSION = 1;
				DEVELOPMENT_ASSET_PATHS = "\"Zihou/Preview Content\"";
				DEVELOPMENT_TEAM = ES76BM43GY;
				ENABLE_PREVIEWS = YES;
				GENERATE_INFOPLIST_FILE = YES;
				INFOPLIST_FILE = Zihou/Info.plist;
				INFOPLIST_KEY_UIApplicationSceneManifest_Generation = YES;
				INFOPLIST_KEY_UIApplicationSupportsIndirectInputEvents = YES;
				INFOPLIST_KEY_UILaunchScreen_Generation = YES;
				INFOPLIST_KEY_UISupportedInterfaceOrientations = UIInterfaceOrientationPortrait;
				INFOPLIST_KEY_UISupportedInterfaceOrientations_iPad = "UIInterfaceOrientationLandscapeLeft UIInterfaceOrientationLandscapeRight UIInterfaceOrientationPortrait UIInterfaceOrientationPortraitUpsideDown";
				LD_RUNPATH_SEARCH_PATHS = (
					"$(inherited)",
					"@executable_path/Frameworks",
				);
				MARKETING_VERSION = 1.0;
				PRODUCT_BUNDLE_IDENTIFIER = com.armtic.Zihou;
				PRODUCT_NAME = "$(TARGET_NAME)";
				SWIFT_EMIT_LOC_STRINGS = YES;
				SWIFT_VERSION = 5.0;
				TARGETED_DEVICE_FAMILY = "1,2";
			};
			name = Debug;
		};
		5292F3B52CB9023300ABAA64 /* Release */ = {
			isa = XCBuildConfiguration;
			buildSettings = {
				ASSETCATALOG_COMPILER_APPICON_NAME = AppIcon;
				ASSETCATALOG_COMPILER_GLOBAL_ACCENT_COLOR_NAME = AccentColor;
				CODE_SIGN_STYLE = Automatic;
				CURRENT_PROJECT_VERSION = 1;
				DEVELOPMENT_ASSET_PATHS = "\"Zihou/Preview Content\"";
				DEVELOPMENT_TEAM = ES76BM43GY;
				ENABLE_PREVIEWS = YES;
				GENERATE_INFOPLIST_FILE = YES;
				INFOPLIST_FILE = Zihou/Info.plist;
				INFOPLIST_KEY_UIApplicationSceneManifest_Generation = YES;
				INFOPLIST_KEY_UIApplicationSupportsIndirectInputEvents = YES;
				INFOPLIST_KEY_UILaunchScreen_Generation = YES;
				INFOPLIST_KEY_UISupportedInterfaceOrientations = UIInterfaceOrientationPortrait;
				INFOPLIST_KEY_UISupportedInterfaceOrientations_iPad = "UIInterfaceOrientationLandscapeLeft UIInterfaceOrientationLandscapeRight UIInterfaceOrientationPortrait UIInterfaceOrientationPortraitUpsideDown";
				LD_RUNPATH_SEARCH_PATHS = (
					"$(inherited)",
					"@executable_path/Frameworks",
				);
				MARKETING_VERSION = 1.0;
				PRODUCT_BUNDLE_IDENTIFIER = com.armtic.Zihou;
				PRODUCT_NAME = "$(TARGET_NAME)";
				SWIFT_EMIT_LOC_STRINGS = YES;
				SWIFT_VERSION = 5.0;
				TARGETED_DEVICE_FAMILY = "1,2";
			};
			name = Release;
		};
		5292F3B72CB9023300ABAA64 /* Debug */ = {
			isa = XCBuildConfiguration;
			buildSettings = {
				BUNDLE_LOADER = "$(TEST_HOST)";
				CODE_SIGN_STYLE = Automatic;
				CURRENT_PROJECT_VERSION = 1;
				DEVELOPMENT_TEAM = ES76BM43GY;
				GENERATE_INFOPLIST_FILE = YES;
				IPHONEOS_DEPLOYMENT_TARGET = 18.1;
				MARKETING_VERSION = 1.0;
				PRODUCT_BUNDLE_IDENTIFIER = com.armtic.ZihouTests;
				PRODUCT_NAME = "$(TARGET_NAME)";
				SWIFT_EMIT_LOC_STRINGS = NO;
				SWIFT_VERSION = 5.0;
				TARGETED_DEVICE_FAMILY = "1,2";
				TEST_HOST = "$(BUILT_PRODUCTS_DIR)/Zihou.app/$(BUNDLE_EXECUTABLE_FOLDER_PATH)/Zihou";
			};
			name = Debug;
		};
		5292F3B82CB9023300ABAA64 /* Release */ = {
			isa = XCBuildConfiguration;
			buildSettings = {
				BUNDLE_LOADER = "$(TEST_HOST)";
				CODE_SIGN_STYLE = Automatic;
				CURRENT_PROJECT_VERSION = 1;
				DEVELOPMENT_TEAM = ES76BM43GY;
				GENERATE_INFOPLIST_FILE = YES;
				IPHONEOS_DEPLOYMENT_TARGET = 18.1;
				MARKETING_VERSION = 1.0;
				PRODUCT_BUNDLE_IDENTIFIER = com.armtic.ZihouTests;
				PRODUCT_NAME = "$(TARGET_NAME)";
				SWIFT_EMIT_LOC_STRINGS = NO;
				SWIFT_VERSION = 5.0;
				TARGETED_DEVICE_FAMILY = "1,2";
				TEST_HOST = "$(BUILT_PRODUCTS_DIR)/Zihou.app/$(BUNDLE_EXECUTABLE_FOLDER_PATH)/Zihou";
			};
			name = Release;
		};
		5292F3BA2CB9023300ABAA64 /* Debug */ = {
			isa = XCBuildConfiguration;
			buildSettings = {
				CODE_SIGN_STYLE = Automatic;
				CURRENT_PROJECT_VERSION = 1;
				DEVELOPMENT_TEAM = ES76BM43GY;
				GENERATE_INFOPLIST_FILE = YES;
				MARKETING_VERSION = 1.0;
				PRODUCT_BUNDLE_IDENTIFIER = com.armtic.ZihouUITests;
				PRODUCT_NAME = "$(TARGET_NAME)";
				SWIFT_EMIT_LOC_STRINGS = NO;
				SWIFT_VERSION = 5.0;
				TARGETED_DEVICE_FAMILY = "1,2";
				TEST_TARGET_NAME = Zihou;
			};
			name = Debug;
		};
		5292F3BB2CB9023300ABAA64 /* Release */ = {
			isa = XCBuildConfiguration;
			buildSettings = {
				CODE_SIGN_STYLE = Automatic;
				CURRENT_PROJECT_VERSION = 1;
				DEVELOPMENT_TEAM = ES76BM43GY;
				GENERATE_INFOPLIST_FILE = YES;
				MARKETING_VERSION = 1.0;
				PRODUCT_BUNDLE_IDENTIFIER = com.armtic.ZihouUITests;
				PRODUCT_NAME = "$(TARGET_NAME)";
				SWIFT_EMIT_LOC_STRINGS = NO;
				SWIFT_VERSION = 5.0;
				TARGETED_DEVICE_FAMILY = "1,2";
				TEST_TARGET_NAME = Zihou;
			};
			name = Release;
		};
/* End XCBuildConfiguration section */

/* Begin XCConfigurationList section */
		5292F38A2CB9023100ABAA64 /* Build configuration list for PBXProject "Zihou" */ = {
			isa = XCConfigurationList;
			buildConfigurations = (
				5292F3B12CB9023300ABAA64 /* Debug */,
				5292F3B22CB9023300ABAA64 /* Release */,
			);
			defaultConfigurationIsVisible = 0;
			defaultConfigurationName = Release;
		};
		5292F3B32CB9023300ABAA64 /* Build configuration list for PBXNativeTarget "Zihou" */ = {
			isa = XCConfigurationList;
			buildConfigurations = (
				5292F3B42CB9023300ABAA64 /* Debug */,
				5292F3B52CB9023300ABAA64 /* Release */,
			);
			defaultConfigurationIsVisible = 0;
			defaultConfigurationName = Release;
		};
		5292F3B62CB9023300ABAA64 /* Build configuration list for PBXNativeTarget "ZihouTests" */ = {
			isa = XCConfigurationList;
			buildConfigurations = (
				5292F3B72CB9023300ABAA64 /* Debug */,
				5292F3B82CB9023300ABAA64 /* Release */,
			);
			defaultConfigurationIsVisible = 0;
			defaultConfigurationName = Release;
		};
		5292F3B92CB9023300ABAA64 /* Build configuration list for PBXNativeTarget "ZihouUITests" */ = {
			isa = XCConfigurationList;
			buildConfigurations = (
				5292F3BA2CB9023300ABAA64 /* Debug */,
				5292F3BB2CB9023300ABAA64 /* Release */,
			);
			defaultConfigurationIsVisible = 0;
			defaultConfigurationName = Release;
		};
/* End XCConfigurationList section */
	};
	rootObject = 5292F3872CB9023100ABAA64 /* Project object */;
}
